
Microsoft Visual Studio Solution File, Format Version 12.00
# Visual Studio Version 17
VisualStudioVersion = 17.5.33627.172
MinimumVisualStudioVersion = 10.0.40219.1
Project("{9A19103F-16F7-4668-BE54-9A1E7A4F7556}") = "xsoft", "..\xsoft.csproj", "{376C475B-CC73-41B6-BE10-C8D6AEA99CD8}"
EndProject
Global
	GlobalSection(SolutionConfigurationPlatforms) = preSolution
		Debug|Any CPU = Debug|Any CPU
		Release|Any CPU = Release|Any CPU
	EndGlobalSection
	GlobalSection(ProjectConfigurationPlatforms) = postSolution
		{376C475B-CC73-41B6-BE10-C8D6AEA99CD8}.Debug|Any CPU.ActiveCfg = Debug|Any CPU
		{376C475B-CC73-41B6-BE10-C8D6AEA99CD8}.Debug|Any CPU.Build.0 = Debug|Any CPU
		{376C475B-CC73-41B6-BE10-C8D6AEA99CD8}.Release|Any CPU.ActiveCfg = Release|Any CPU
		{376C475B-CC73-41B6-BE10-C8D6AEA99CD8}.Release|Any CPU.Build.0 = Release|Any CPU
	EndGlobalSection
	GlobalSection(SolutionProperties) = preSolution
		HideSolutionNode = FALSE
	EndGlobalSection
	GlobalSection(ExtensibilityGlobals) = postSolution
		SolutionGuid = {5EDE9EA0-0246-4781-87AC-FA1D1B2B05DC}
	EndGlobalSection
EndGlobal
